
Microsoft Visual Studio Solution File, Format Version 12.00
# Visual Studio Version 16
VisualStudioVersion = 16.0.30204.135
MinimumVisualStudioVersion = 10.0.40219.1
Project("{2150E333-8FDC-42A3-9474-1A3956D46DE8}") = "Services", "Services", "{D03AC8FE-B58D-41EB-9EAA-54B2C0A78BC2}"
EndProject
Project("{2150E333-8FDC-42A3-9474-1A3956D46DE8}") = "RDREgister", "RDREgister", "{3CA7991C-AC8E-4C26-A2DA-1A99A10AA636}"
EndProject
Project("{9A19103F-16F7-4668-BE54-9A1E7A4F7556}") = "RDRegister.API", "src\Services\RDRegister\RDRegister.API\RDRegister.API.csproj", "{8884F8F7-6FA9-48F3-A812-ED95CD6DB482}"
EndProject
Project("{2150E333-8FDC-42A3-9474-1A3956D46DE8}") = "Web Apps", "Web Apps", "{C72F0BA2-1C10-45CD-BD2A-59141C6F5242}"
EndProject
Project("{FAE04EC0-301F-11D3-BF4B-00C04F79EFBC}") = "WebSPA.Server", "src\WebApps\WebSPA\Server\WebSPA.Server.csproj", "{9CAADB78-AD0F-4201-BB9C-157B9BD3E136}"
EndProject
Project("{FAE04EC0-301F-11D3-BF4B-00C04F79EFBC}") = "WebSPA.Client", "src\WebApps\WebSPA\Client\WebSPA.Client.csproj", "{DCD4421F-359A-401C-A16B-6B3D601B8D62}"
EndProject
Project("{FAE04EC0-301F-11D3-BF4B-00C04F79EFBC}") = "WebSPA.Shared", "src\WebApps\WebSPA\Shared\WebSPA.Shared.csproj", "{408C232D-1707-49E1-9F6E-1F9623434C7C}"
EndProject
Global
	GlobalSection(SolutionConfigurationPlatforms) = preSolution
		Debug|Any CPU = Debug|Any CPU
		Release|Any CPU = Release|Any CPU
	EndGlobalSection
	GlobalSection(ProjectConfigurationPlatforms) = postSolution
		{8884F8F7-6FA9-48F3-A812-ED95CD6DB482}.Debug|Any CPU.ActiveCfg = Debug|Any CPU
		{8884F8F7-6FA9-48F3-A812-ED95CD6DB482}.Debug|Any CPU.Build.0 = Debug|Any CPU
		{8884F8F7-6FA9-48F3-A812-ED95CD6DB482}.Release|Any CPU.ActiveCfg = Release|Any CPU
		{8884F8F7-6FA9-48F3-A812-ED95CD6DB482}.Release|Any CPU.Build.0 = Release|Any CPU
		{9CAADB78-AD0F-4201-BB9C-157B9BD3E136}.Debug|Any CPU.ActiveCfg = Debug|Any CPU
		{9CAADB78-AD0F-4201-BB9C-157B9BD3E136}.Debug|Any CPU.Build.0 = Debug|Any CPU
		{9CAADB78-AD0F-4201-BB9C-157B9BD3E136}.Release|Any CPU.ActiveCfg = Release|Any CPU
		{9CAADB78-AD0F-4201-BB9C-157B9BD3E136}.Release|Any CPU.Build.0 = Release|Any CPU
		{DCD4421F-359A-401C-A16B-6B3D601B8D62}.Debug|Any CPU.ActiveCfg = Debug|Any CPU
		{DCD4421F-359A-401C-A16B-6B3D601B8D62}.Debug|Any CPU.Build.0 = Debug|Any CPU
		{DCD4421F-359A-401C-A16B-6B3D601B8D62}.Release|Any CPU.ActiveCfg = Release|Any CPU
		{DCD4421F-359A-401C-A16B-6B3D601B8D62}.Release|Any CPU.Build.0 = Release|Any CPU
		{408C232D-1707-49E1-9F6E-1F9623434C7C}.Debug|Any CPU.ActiveCfg = Debug|Any CPU
		{408C232D-1707-49E1-9F6E-1F9623434C7C}.Debug|Any CPU.Build.0 = Debug|Any CPU
		{408C232D-1707-49E1-9F6E-1F9623434C7C}.Release|Any CPU.ActiveCfg = Release|Any CPU
		{408C232D-1707-49E1-9F6E-1F9623434C7C}.Release|Any CPU.Build.0 = Release|Any CPU
	EndGlobalSection
	GlobalSection(SolutionProperties) = preSolution
		HideSolutionNode = FALSE
	EndGlobalSection
	GlobalSection(NestedProjects) = preSolution
		{3CA7991C-AC8E-4C26-A2DA-1A99A10AA636} = {D03AC8FE-B58D-41EB-9EAA-54B2C0A78BC2}
		{8884F8F7-6FA9-48F3-A812-ED95CD6DB482} = {3CA7991C-AC8E-4C26-A2DA-1A99A10AA636}
		{9CAADB78-AD0F-4201-BB9C-157B9BD3E136} = {C72F0BA2-1C10-45CD-BD2A-59141C6F5242}
		{DCD4421F-359A-401C-A16B-6B3D601B8D62} = {C72F0BA2-1C10-45CD-BD2A-59141C6F5242}
		{408C232D-1707-49E1-9F6E-1F9623434C7C} = {C72F0BA2-1C10-45CD-BD2A-59141C6F5242}
	EndGlobalSection
	GlobalSection(ExtensibilityGlobals) = postSolution
		SolutionGuid = {2F32FA5F-BE4F-4953-BA13-0FF3EA039AF4}
	EndGlobalSection
EndGlobal
